<?xml version="1.0" encoding="utf-8"?>
<Project ToolsVersion="4.0" xmlns="http://schemas.microsoft.com/developer/msbuild/2003">
  <ItemGroup>
    <Filter Include="源文件">
      <UniqueIdentifier>{4FC737F1-C7A5-4376-A066-2A32D752A2FF}</UniqueIdentifier>
      <Extensions>cpp;c;cc;cxx;def;odl;idl;hpj;bat;asm;asmx</Extensions>
    </Filter>
    <Filter Include="头文件">
      <UniqueIdentifier>{93995380-89BD-4b04-88EB-625FBE52EBFB}</UniqueIdentifier>
      <Extensions>h;hh;hpp;hxx;hm;inl;inc;ipp;xsd</Extensions>
    </Filter>
    <Filter Include="资源文件">
      <UniqueIdentifier>{67DA6AB6-F800-4c08-8B7A-83BB121AAD01}</UniqueIdentifier>
      <Extensions>rc;ico;cur;bmp;dlg;rc2;rct;bin;rgs;gif;jpg;jpeg;jpe;resx;tiff;tif;png;wav;mfcribbon-ms</Extensions>
    </Filter>
    <Filter Include="FactoryMethod">
      <UniqueIdentifier>{966e9ae2-2fce-48d4-99dd-d29497c0629e}</UniqueIdentifier>
    </Filter>
    <Filter Include="SimpleFactory">
      <UniqueIdentifier>{443dbdc4-a3ac-4f29-a52d-7cec4698f588}</UniqueIdentifier>
    </Filter>
    <Filter Include="AbstractFactory">
      <UniqueIdentifier>{2e771037-01d1-4d43-bcf0-4ec704b9d478}</UniqueIdentifier>
    </Filter>
    <Filter Include="Singleton">
      <UniqueIdentifier>{20a0cbaa-1387-439c-9f08-21129ae130b7}</UniqueIdentifier>
    </Filter>
    <Filter Include="Builder">
      <UniqueIdentifier>{9bf81e75-0a70-49dd-b233-49c5d5e34991}</UniqueIdentifier>
    </Filter>
    <Filter Include="Prototype">
      <UniqueIdentifier>{311d3864-d371-4a8f-a699-64914c5ad337}</UniqueIdentifier>
    </Filter>
    <Filter Include="Facade">
      <UniqueIdentifier>{5680d3c9-cb85-4493-8821-72bc1855647a}</UniqueIdentifier>
    </Filter>
  </ItemGroup>
  <ItemGroup>
    <ClCompile Include="ConsoleApplication1.cpp">
      <Filter>源文件</Filter>
    </ClCompile>
    <ClCompile Include="phone.cpp">
      <Filter>FactoryMethod</Filter>
    </ClCompile>
    <ClCompile Include="PhoneStore.cpp">
      <Filter>SimpleFactory</Filter>
    </ClCompile>
    <ClCompile Include="PhoneFactory.cpp">
      <Filter>FactoryMethod</Filter>
    </ClCompile>
    <ClCompile Include="MIPhoneFactory.cpp">
      <Filter>FactoryMethod</Filter>
    </ClCompile>
    <ClCompile Include="HWPhoneFactory.cpp">
      <Filter>FactoryMethod</Filter>
    </ClCompile>
    <ClCompile Include="SimplePhoneFactory.cpp">
      <Filter>SimpleFactory</Filter>
    </ClCompile>
    <ClCompile Include="BaseFactory.cpp">
      <Filter>AbstractFactory</Filter>
    </ClCompile>
    <ClCompile Include="Pad.cpp">
      <Filter>AbstractFactory</Filter>
    </ClCompile>
    <ClCompile Include="HWPad.cpp">
      <Filter>AbstractFactory</Filter>
    </ClCompile>
    <ClCompile Include="MIPad.cpp">
      <Filter>AbstractFactory</Filter>
    </ClCompile>
    <ClCompile Include="HWFactory.cpp">
      <Filter>AbstractFactory</Filter>
    </ClCompile>
    <ClCompile Include="MIFactory.cpp">
      <Filter>AbstractFactory</Filter>
    </ClCompile>
    <ClCompile Include="LogManager.cpp">
      <Filter>Singleton</Filter>
    </ClCompile>
    <ClCompile Include="PhoneProduct.cpp">
      <Filter>Builder</Filter>
    </ClCompile>
    <ClCompile Include="PhoneBuilder.cpp">
      <Filter>Builder</Filter>
    </ClCompile>
    <ClCompile Include="HWPhoneBuilder.cpp">
      <Filter>Builder</Filter>
    </ClCompile>
    <ClCompile Include="Director.cpp">
      <Filter>Builder</Filter>
    </ClCompile>
    <ClCompile Include="MIPhoneBuilder.cpp">
      <Filter>Builder</Filter>
    </ClCompile>
    <ClCompile Include="IPrototype.cpp">
      <Filter>Prototype</Filter>
    </ClCompile>
    <ClCompile Include="PrototypeProduct1.cpp">
      <Filter>Prototype</Filter>
    </ClCompile>
    <ClCompile Include="AirCondition.cpp">
      <Filter>Facade</Filter>
    </ClCompile>
    <ClCompile Include="DVDPlayer.cpp">
      <Filter>Facade</Filter>
    </ClCompile>
    <ClCompile Include="HomeDeviceManager.cpp">
      <Filter>Facade</Filter>
    </ClCompile>
    <ClCompile Include="IElectricDevice.cpp">
      <Filter>Facade</Filter>
    </ClCompile>
    <ClCompile Include="Projector.cpp">
      <Filter>Facade</Filter>
    </ClCompile>
    <ClCompile Include="VoiceBox.cpp">
      <Filter>Facade</Filter>
    </ClCompile>
  </ItemGroup>
  <ItemGroup>
    <ClInclude Include="phone.h">
      <Filter>FactoryMethod</Filter>
    </ClInclude>
    <ClInclude Include="PhoneStore.h">
      <Filter>SimpleFactory</Filter>
    </ClInclude>
    <ClInclude Include="PhoneFactory.h">
      <Filter>FactoryMethod</Filter>
    </ClInclude>
    <ClInclude Include="MIPhoneFactory.h">
      <Filter>FactoryMethod</Filter>
    </ClInclude>
    <ClInclude Include="HWPhoneFactory.h">
      <Filter>FactoryMethod</Filter>
    </ClInclude>
    <ClInclude Include="SimplePhoneFactory.h">
      <Filter>SimpleFactory</Filter>
    </ClInclude>
    <ClInclude Include="BaseFactory.h">
      <Filter>AbstractFactory</Filter>
    </ClInclude>
    <ClInclude Include="Pad.h">
      <Filter>AbstractFactory</Filter>
    </ClInclude>
    <ClInclude Include="HWPad.h">
      <Filter>AbstractFactory</Filter>
    </ClInclude>
    <ClInclude Include="MIPad.h">
      <Filter>AbstractFactory</Filter>
    </ClInclude>
    <ClInclude Include="HWFactory.h">
      <Filter>AbstractFactory</Filter>
    </ClInclude>
    <ClInclude Include="MIFactory.h">
      <Filter>AbstractFactory</Filter>
    </ClInclude>
    <ClInclude Include="LogManager.h">
      <Filter>Singleton</Filter>
    </ClInclude>
    <ClInclude Include="PhoneProduct.h">
      <Filter>Builder</Filter>
    </ClInclude>
    <ClInclude Include="PhoneBuilder.h">
      <Filter>Builder</Filter>
    </ClInclude>
    <ClInclude Include="HWPhoneBuilder.h">
      <Filter>Builder</Filter>
    </ClInclude>
    <ClInclude Include="Director.h">
      <Filter>Builder</Filter>
    </ClInclude>
    <ClInclude Include="MIPhoneBuilder.h">
      <Filter>Builder</Filter>
    </ClInclude>
    <ClInclude Include="IPrototype.h">
      <Filter>Prototype</Filter>
    </ClInclude>
    <ClInclude Include="PrototypeProduct1.h">
      <Filter>Prototype</Filter>
    </ClInclude>
    <ClInclude Include="AirCondition.h">
      <Filter>Facade</Filter>
    </ClInclude>
    <ClInclude Include="DVDPlayer.h">
      <Filter>Facade</Filter>
    </ClInclude>
    <ClInclude Include="HomeDeviceManager.h">
      <Filter>Facade</Filter>
    </ClInclude>
    <ClInclude Include="IElectricDevice.h">
      <Filter>Facade</Filter>
    </ClInclude>
    <ClInclude Include="Projector.h">
      <Filter>Facade</Filter>
    </ClInclude>
    <ClInclude Include="VoiceBox.h">
      <Filter>Facade</Filter>
    </ClInclude>
  </ItemGroup>
</Project>